
Microsoft Visual Studio Solution File, Format Version 12.00
# Visual Studio Version 17
VisualStudioVersion = 17.8.34330.188
MinimumVisualStudioVersion = 10.0.40219.1
Project("{FAE04EC0-301F-11D3-BF4B-00C04F79EFBC}") = "SportsStoreWebApp", "SportsStoreWebApp\SportsStoreWebApp.csproj", "{A50073C7-11F9-46F0-85E9-B7A324F78D6D}"
EndProject
Project("{FAE04EC0-301F-11D3-BF4B-00C04F79EFBC}") = "SportsStore.Domain", "SportsStore.Domain\SportsStore.Domain.csproj", "{4068763C-17E1-45CA-A2DF-296BADD505F8}"
EndProject
Global
	GlobalSection(SolutionConfigurationPlatforms) = preSolution
		Debug|Any CPU = Debug|Any CPU
		Release|Any CPU = Release|Any CPU
	EndGlobalSection
	GlobalSection(ProjectConfigurationPlatforms) = postSolution
		{A50073C7-11F9-46F0-85E9-B7A324F78D6D}.Debug|Any CPU.ActiveCfg = Debug|Any CPU
		{A50073C7-11F9-46F0-85E9-B7A324F78D6D}.Debug|Any CPU.Build.0 = Debug|Any CPU
		{A50073C7-11F9-46F0-85E9-B7A324F78D6D}.Release|Any CPU.ActiveCfg = Release|Any CPU
		{A50073C7-11F9-46F0-85E9-B7A324F78D6D}.Release|Any CPU.Build.0 = Release|Any CPU
		{4068763C-17E1-45CA-A2DF-296BADD505F8}.Debug|Any CPU.ActiveCfg = Debug|Any CPU
		{4068763C-17E1-45CA-A2DF-296BADD505F8}.Debug|Any CPU.Build.0 = Debug|Any CPU
		{4068763C-17E1-45CA-A2DF-296BADD505F8}.Release|Any CPU.ActiveCfg = Release|Any CPU
		{4068763C-17E1-45CA-A2DF-296BADD505F8}.Release|Any CPU.Build.0 = Release|Any CPU
	EndGlobalSection
	GlobalSection(SolutionProperties) = preSolution
		HideSolutionNode = FALSE
	EndGlobalSection
	GlobalSection(ExtensibilityGlobals) = postSolution
		SolutionGuid = {9B798D8F-DF97-4F46-9BF4-93ADFB1C88AD}
	EndGlobalSection
EndGlobal
